
Microsoft Visual Studio Solution File, Format Version 12.00
# Visual Studio Version 17
VisualStudioVersion = 17.5.33627.172
MinimumVisualStudioVersion = 10.0.40219.1
Project("{FAE04EC0-301F-11D3-BF4B-00C04F79EFBC}") = "WebApplication0", "WenApplication0\WebApplication0.csproj", "{394522C1-E457-4327-B1C3-F8024A2B64F6}"
EndProject
Project("{FAE04EC0-301F-11D3-BF4B-00C04F79EFBC}") = "DAL", "DLL\DAL.csproj", "{D3F9B68A-FC65-442E-A877-02FFF3CA1C44}"
EndProject
Project("{FAE04EC0-301F-11D3-BF4B-00C04F79EFBC}") = "BLL", "BLLL\BLL.csproj", "{0BE67E46-0B30-481D-9646-0CE4D4A6B2E6}"
EndProject
Project("{FAE04EC0-301F-11D3-BF4B-00C04F79EFBC}") = "BusinessModel", "BusinessModel\BusinessModel.csproj", "{401C3A9C-8100-46C0-97F3-CF52359FAAE0}"
EndProject
Global
	GlobalSection(SolutionConfigurationPlatforms) = preSolution
		Debug|Any CPU = Debug|Any CPU
		Release|Any CPU = Release|Any CPU
	EndGlobalSection
	GlobalSection(ProjectConfigurationPlatforms) = postSolution
		{394522C1-E457-4327-B1C3-F8024A2B64F6}.Debug|Any CPU.ActiveCfg = Debug|Any CPU
		{394522C1-E457-4327-B1C3-F8024A2B64F6}.Debug|Any CPU.Build.0 = Debug|Any CPU
		{394522C1-E457-4327-B1C3-F8024A2B64F6}.Release|Any CPU.ActiveCfg = Release|Any CPU
		{394522C1-E457-4327-B1C3-F8024A2B64F6}.Release|Any CPU.Build.0 = Release|Any CPU
		{D3F9B68A-FC65-442E-A877-02FFF3CA1C44}.Debug|Any CPU.ActiveCfg = Debug|Any CPU
		{D3F9B68A-FC65-442E-A877-02FFF3CA1C44}.Debug|Any CPU.Build.0 = Debug|Any CPU
		{D3F9B68A-FC65-442E-A877-02FFF3CA1C44}.Release|Any CPU.ActiveCfg = Release|Any CPU
		{D3F9B68A-FC65-442E-A877-02FFF3CA1C44}.Release|Any CPU.Build.0 = Release|Any CPU
		{0BE67E46-0B30-481D-9646-0CE4D4A6B2E6}.Debug|Any CPU.ActiveCfg = Debug|Any CPU
		{0BE67E46-0B30-481D-9646-0CE4D4A6B2E6}.Debug|Any CPU.Build.0 = Debug|Any CPU
		{0BE67E46-0B30-481D-9646-0CE4D4A6B2E6}.Release|Any CPU.ActiveCfg = Release|Any CPU
		{0BE67E46-0B30-481D-9646-0CE4D4A6B2E6}.Release|Any CPU.Build.0 = Release|Any CPU
		{401C3A9C-8100-46C0-97F3-CF52359FAAE0}.Debug|Any CPU.ActiveCfg = Debug|Any CPU
		{401C3A9C-8100-46C0-97F3-CF52359FAAE0}.Debug|Any CPU.Build.0 = Debug|Any CPU
		{401C3A9C-8100-46C0-97F3-CF52359FAAE0}.Release|Any CPU.ActiveCfg = Release|Any CPU
		{401C3A9C-8100-46C0-97F3-CF52359FAAE0}.Release|Any CPU.Build.0 = Release|Any CPU
	EndGlobalSection
	GlobalSection(SolutionProperties) = preSolution
		HideSolutionNode = FALSE
	EndGlobalSection
	GlobalSection(ExtensibilityGlobals) = postSolution
		SolutionGuid = {B5417E31-6BC5-4666-8CEB-ECE0F4A6FA3A}
	EndGlobalSection
EndGlobal
