
Microsoft Visual Studio Solution File, Format Version 12.00
# Visual Studio Version 17
VisualStudioVersion = 17.5.33627.172
MinimumVisualStudioVersion = 10.0.40219.1
Project("{FAE04EC0-301F-11D3-BF4B-00C04F79EFBC}") = "FloatAddition", "FloatAddition\FloatAddition.csproj", "{4E3FC75B-253B-487F-9114-09C857172F27}"
EndProject
Global
	GlobalSection(SolutionConfigurationPlatforms) = preSolution
		Debug|Any CPU = Debug|Any CPU
		Release|Any CPU = Release|Any CPU
	EndGlobalSection
	GlobalSection(ProjectConfigurationPlatforms) = postSolution
		{4E3FC75B-253B-487F-9114-09C857172F27}.Debug|Any CPU.ActiveCfg = Debug|Any CPU
		{4E3FC75B-253B-487F-9114-09C857172F27}.Debug|Any CPU.Build.0 = Debug|Any CPU
		{4E3FC75B-253B-487F-9114-09C857172F27}.Release|Any CPU.ActiveCfg = Release|Any CPU
		{4E3FC75B-253B-487F-9114-09C857172F27}.Release|Any CPU.Build.0 = Release|Any CPU
	EndGlobalSection
	GlobalSection(SolutionProperties) = preSolution
		HideSolutionNode = FALSE
	EndGlobalSection
	GlobalSection(ExtensibilityGlobals) = postSolution
		SolutionGuid = {F55D1393-B35A-4D0C-BA6A-1BBA61133714}
	EndGlobalSection
EndGlobal
